
Microsoft Visual Studio Solution File, Format Version 12.00
# Visual Studio Version 16
VisualStudioVersion = 16.0.30523.141
MinimumVisualStudioVersion = 10.0.40219.1
Project("{FAE04EC0-301F-11D3-BF4B-00C04F79EFBC}") = "Criste_Andrei_Lab5", "Criste_Andrei_Lab5.csproj", "{B44812E5-DE94-4CCD-9FBB-50FCCD1F296B}"
EndProject
Global
	GlobalSection(SolutionConfigurationPlatforms) = preSolution
		Debug|Any CPU = Debug|Any CPU
		Release|Any CPU = Release|Any CPU
	EndGlobalSection
	GlobalSection(ProjectConfigurationPlatforms) = postSolution
		{B44812E5-DE94-4CCD-9FBB-50FCCD1F296B}.Debug|Any CPU.ActiveCfg = Debug|Any CPU
		{B44812E5-DE94-4CCD-9FBB-50FCCD1F296B}.Debug|Any CPU.Build.0 = Debug|Any CPU
		{B44812E5-DE94-4CCD-9FBB-50FCCD1F296B}.Release|Any CPU.ActiveCfg = Release|Any CPU
		{B44812E5-DE94-4CCD-9FBB-50FCCD1F296B}.Release|Any CPU.Build.0 = Release|Any CPU
	EndGlobalSection
	GlobalSection(SolutionProperties) = preSolution
		HideSolutionNode = FALSE
	EndGlobalSection
	GlobalSection(ExtensibilityGlobals) = postSolution
		SolutionGuid = {06711CC5-8995-4CE0-ACA8-17DE646C17C8}
	EndGlobalSection
EndGlobal
